{
  "lockfileVersion": 1,
  "workspaces": {
    "": {
      "name": "aptos-2048",
      "dependencies": {
        "@aptos-labs/ts-sdk": "^3.0.0",
        "@wgb5445/aptos-client": "^2.0.3",
        "@wgb5445/aptos-wallet-connect-kit": "^0.1.2",
        "pixi.js": "^8.10.2",
      },
      "devDependencies": {
        "typescript": "~5.8.3",
        "vite": "^7.0.0",
      },
    },
  },
  "packages": {
    "@aptos-labs/aptos-cli": ["@aptos-labs/aptos-cli@1.0.2", "", { "dependencies": { "commander": "^12.1.0" }, "bin": { "aptos": "dist/aptos.js" } }, "sha512-PYPsd0Kk3ynkxNfe3S4fanI3DiUICCoh4ibQderbvjPFL5A0oK6F4lPEO2t0MDsQySTk2t4vh99Xjy6Bd9y+aQ=="],

    "@aptos-labs/aptos-client": ["@aptos-labs/aptos-client@2.0.0", "", { "peerDependencies": { "got": "^11.8.6" } }, "sha512-A23T3zTCRXEKURodp00dkadVtIrhWjC9uo08dRDBkh69OhCnBAxkENmUy/rcBarfLoFr60nRWt7cBkc8wxr1mg=="],

    "@aptos-labs/ts-sdk": ["@aptos-labs/ts-sdk@3.0.0", "", { "dependencies": { "@aptos-labs/aptos-cli": "^1.0.2", "@aptos-labs/aptos-client": "^2.0.0", "@noble/curves": "^1.6.0", "@noble/hashes": "^1.5.0", "@scure/bip32": "^1.4.0", "@scure/bip39": "^1.3.0", "eventemitter3": "^5.0.1", "form-data": "^4.0.0", "js-base64": "^3.7.7", "jwt-decode": "^4.0.0", "poseidon-lite": "^0.2.0" } }, "sha512-pzx+8qNjPjT9eJhXLoR9VxJ4DxYnAs8K5JtbG3/nKn9ZFH+hrdt9ocQtPa8L8fK8edyXd8uAnM4j7QdPWPWp8Q=="],

    "@aptos-labs/wallet-standard": ["@aptos-labs/wallet-standard@0.5.0", "", { "peerDependencies": { "@aptos-labs/ts-sdk": "^2.0.0", "@wallet-standard/core": "^1.0.3" } }, "sha512-OEzajPOgdyosFHDCqRbu5Ql6NsiQnkspcVKUPe4iSWx93mZOEmCLE2MHfmqPDMqKBBPxbGZNc1+I7vjrPGZJCw=="],

    "@esbuild/aix-ppc64": ["@esbuild/aix-ppc64@0.25.5", "", { "os": "aix", "cpu": "ppc64" }, "sha512-9o3TMmpmftaCMepOdA5k/yDw8SfInyzWWTjYTFCX3kPSDJMROQTb8jg+h9Cnwnmm1vOzvxN7gIfB5V2ewpjtGA=="],

    "@esbuild/android-arm": ["@esbuild/android-arm@0.25.5", "", { "os": "android", "cpu": "arm" }, "sha512-AdJKSPeEHgi7/ZhuIPtcQKr5RQdo6OO2IL87JkianiMYMPbCtot9fxPbrMiBADOWWm3T2si9stAiVsGbTQFkbA=="],

    "@esbuild/android-arm64": ["@esbuild/android-arm64@0.25.5", "", { "os": "android", "cpu": "arm64" }, "sha512-VGzGhj4lJO+TVGV1v8ntCZWJktV7SGCs3Pn1GRWI1SBFtRALoomm8k5E9Pmwg3HOAal2VDc2F9+PM/rEY6oIDg=="],

    "@esbuild/android-x64": ["@esbuild/android-x64@0.25.5", "", { "os": "android", "cpu": "x64" }, "sha512-D2GyJT1kjvO//drbRT3Hib9XPwQeWd9vZoBJn+bu/lVsOZ13cqNdDeqIF/xQ5/VmWvMduP6AmXvylO/PIc2isw=="],

    "@esbuild/darwin-arm64": ["@esbuild/darwin-arm64@0.25.5", "", { "os": "darwin", "cpu": "arm64" }, "sha512-GtaBgammVvdF7aPIgH2jxMDdivezgFu6iKpmT+48+F8Hhg5J/sfnDieg0aeG/jfSvkYQU2/pceFPDKlqZzwnfQ=="],

    "@esbuild/darwin-x64": ["@esbuild/darwin-x64@0.25.5", "", { "os": "darwin", "cpu": "x64" }, "sha512-1iT4FVL0dJ76/q1wd7XDsXrSW+oLoquptvh4CLR4kITDtqi2e/xwXwdCVH8hVHU43wgJdsq7Gxuzcs6Iq/7bxQ=="],

    "@esbuild/freebsd-arm64": ["@esbuild/freebsd-arm64@0.25.5", "", { "os": "freebsd", "cpu": "arm64" }, "sha512-nk4tGP3JThz4La38Uy/gzyXtpkPW8zSAmoUhK9xKKXdBCzKODMc2adkB2+8om9BDYugz+uGV7sLmpTYzvmz6Sw=="],

    "@esbuild/freebsd-x64": ["@esbuild/freebsd-x64@0.25.5", "", { "os": "freebsd", "cpu": "x64" }, "sha512-PrikaNjiXdR2laW6OIjlbeuCPrPaAl0IwPIaRv+SMV8CiM8i2LqVUHFC1+8eORgWyY7yhQY+2U2fA55mBzReaw=="],

    "@esbuild/linux-arm": ["@esbuild/linux-arm@0.25.5", "", { "os": "linux", "cpu": "arm" }, "sha512-cPzojwW2okgh7ZlRpcBEtsX7WBuqbLrNXqLU89GxWbNt6uIg78ET82qifUy3W6OVww6ZWobWub5oqZOVtwolfw=="],

    "@esbuild/linux-arm64": ["@esbuild/linux-arm64@0.25.5", "", { "os": "linux", "cpu": "arm64" }, "sha512-Z9kfb1v6ZlGbWj8EJk9T6czVEjjq2ntSYLY2cw6pAZl4oKtfgQuS4HOq41M/BcoLPzrUbNd+R4BXFyH//nHxVg=="],

    "@esbuild/linux-ia32": ["@esbuild/linux-ia32@0.25.5", "", { "os": "linux", "cpu": "ia32" }, "sha512-sQ7l00M8bSv36GLV95BVAdhJ2QsIbCuCjh/uYrWiMQSUuV+LpXwIqhgJDcvMTj+VsQmqAHL2yYaasENvJ7CDKA=="],

    "@esbuild/linux-loong64": ["@esbuild/linux-loong64@0.25.5", "", { "os": "linux", "cpu": "none" }, "sha512-0ur7ae16hDUC4OL5iEnDb0tZHDxYmuQyhKhsPBV8f99f6Z9KQM02g33f93rNH5A30agMS46u2HP6qTdEt6Q1kg=="],

    "@esbuild/linux-mips64el": ["@esbuild/linux-mips64el@0.25.5", "", { "os": "linux", "cpu": "none" }, "sha512-kB/66P1OsHO5zLz0i6X0RxlQ+3cu0mkxS3TKFvkb5lin6uwZ/ttOkP3Z8lfR9mJOBk14ZwZ9182SIIWFGNmqmg=="],

    "@esbuild/linux-ppc64": ["@esbuild/linux-ppc64@0.25.5", "", { "os": "linux", "cpu": "ppc64" }, "sha512-UZCmJ7r9X2fe2D6jBmkLBMQetXPXIsZjQJCjgwpVDz+YMcS6oFR27alkgGv3Oqkv07bxdvw7fyB71/olceJhkQ=="],

    "@esbuild/linux-riscv64": ["@esbuild/linux-riscv64@0.25.5", "", { "os": "linux", "cpu": "none" }, "sha512-kTxwu4mLyeOlsVIFPfQo+fQJAV9mh24xL+y+Bm6ej067sYANjyEw1dNHmvoqxJUCMnkBdKpvOn0Ahql6+4VyeA=="],

    "@esbuild/linux-s390x": ["@esbuild/linux-s390x@0.25.5", "", { "os": "linux", "cpu": "s390x" }, "sha512-K2dSKTKfmdh78uJ3NcWFiqyRrimfdinS5ErLSn3vluHNeHVnBAFWC8a4X5N+7FgVE1EjXS1QDZbpqZBjfrqMTQ=="],

    "@esbuild/linux-x64": ["@esbuild/linux-x64@0.25.5", "", { "os": "linux", "cpu": "x64" }, "sha512-uhj8N2obKTE6pSZ+aMUbqq+1nXxNjZIIjCjGLfsWvVpy7gKCOL6rsY1MhRh9zLtUtAI7vpgLMK6DxjO8Qm9lJw=="],

    "@esbuild/netbsd-arm64": ["@esbuild/netbsd-arm64@0.25.5", "", { "os": "none", "cpu": "arm64" }, "sha512-pwHtMP9viAy1oHPvgxtOv+OkduK5ugofNTVDilIzBLpoWAM16r7b/mxBvfpuQDpRQFMfuVr5aLcn4yveGvBZvw=="],

    "@esbuild/netbsd-x64": ["@esbuild/netbsd-x64@0.25.5", "", { "os": "none", "cpu": "x64" }, "sha512-WOb5fKrvVTRMfWFNCroYWWklbnXH0Q5rZppjq0vQIdlsQKuw6mdSihwSo4RV/YdQ5UCKKvBy7/0ZZYLBZKIbwQ=="],

    "@esbuild/openbsd-arm64": ["@esbuild/openbsd-arm64@0.25.5", "", { "os": "openbsd", "cpu": "arm64" }, "sha512-7A208+uQKgTxHd0G0uqZO8UjK2R0DDb4fDmERtARjSHWxqMTye4Erz4zZafx7Di9Cv+lNHYuncAkiGFySoD+Mw=="],

    "@esbuild/openbsd-x64": ["@esbuild/openbsd-x64@0.25.5", "", { "os": "openbsd", "cpu": "x64" }, "sha512-G4hE405ErTWraiZ8UiSoesH8DaCsMm0Cay4fsFWOOUcz8b8rC6uCvnagr+gnioEjWn0wC+o1/TAHt+It+MpIMg=="],

    "@esbuild/sunos-x64": ["@esbuild/sunos-x64@0.25.5", "", { "os": "sunos", "cpu": "x64" }, "sha512-l+azKShMy7FxzY0Rj4RCt5VD/q8mG/e+mDivgspo+yL8zW7qEwctQ6YqKX34DTEleFAvCIUviCFX1SDZRSyMQA=="],

    "@esbuild/win32-arm64": ["@esbuild/win32-arm64@0.25.5", "", { "os": "win32", "cpu": "arm64" }, "sha512-O2S7SNZzdcFG7eFKgvwUEZ2VG9D/sn/eIiz8XRZ1Q/DO5a3s76Xv0mdBzVM5j5R639lXQmPmSo0iRpHqUUrsxw=="],

    "@esbuild/win32-ia32": ["@esbuild/win32-ia32@0.25.5", "", { "os": "win32", "cpu": "ia32" }, "sha512-onOJ02pqs9h1iMJ1PQphR+VZv8qBMQ77Klcsqv9CNW2w6yLqoURLcgERAIurY6QE63bbLuqgP9ATqajFLK5AMQ=="],

    "@esbuild/win32-x64": ["@esbuild/win32-x64@0.25.5", "", { "os": "win32", "cpu": "x64" }, "sha512-TXv6YnJ8ZMVdX+SXWVBo/0p8LTcrUYngpWjvm91TMjjBQii7Oz11Lw5lbDV5Y0TzuhSJHwiH4hEtC1I42mMS0g=="],

    "@lit-labs/ssr-dom-shim": ["@lit-labs/ssr-dom-shim@1.3.0", "", {}, "sha512-nQIWonJ6eFAvUUrSlwyHDm/aE8PBDu5kRpL0vHMg6K8fK3Diq1xdPjTnsJSwxABhaZ+5eBi1btQB5ShUTKo4nQ=="],

    "@lit/reactive-element": ["@lit/reactive-element@2.1.0", "", { "dependencies": { "@lit-labs/ssr-dom-shim": "^1.2.0" } }, "sha512-L2qyoZSQClcBmq0qajBVbhYEcG6iK0XfLn66ifLe/RfC0/ihpc+pl0Wdn8bJ8o+hj38cG0fGXRgSS20MuXn7qA=="],

    "@noble/curves": ["@noble/curves@1.9.2", "", { "dependencies": { "@noble/hashes": "1.8.0" } }, "sha512-HxngEd2XUcg9xi20JkwlLCtYwfoFw4JGkuZpT+WlsPD4gB/cxkvTD8fSsoAnphGZhFdZYKeQIPCuFlWPm1uE0g=="],

    "@noble/hashes": ["@noble/hashes@1.8.0", "", {}, "sha512-jCs9ldd7NwzpgXDIf6P3+NrHh9/sD6CQdxHyjQI+h/6rDNo88ypBxxz45UDuZHz9r3tNz7N/VInSVoVdtXEI4A=="],

    "@pixi/colord": ["@pixi/colord@2.9.6", "", {}, "sha512-nezytU2pw587fQstUu1AsJZDVEynjskwOL+kibwcdxsMBFqPsFFNA7xl0ii/gXuDi6M0xj3mfRJj8pBSc2jCfA=="],

    "@rollup/rollup-android-arm-eabi": ["@rollup/rollup-android-arm-eabi@4.44.1", "", { "os": "android", "cpu": "arm" }, "sha512-JAcBr1+fgqx20m7Fwe1DxPUl/hPkee6jA6Pl7n1v2EFiktAHenTaXl5aIFjUIEsfn9w3HE4gK1lEgNGMzBDs1w=="],

    "@rollup/rollup-android-arm64": ["@rollup/rollup-android-arm64@4.44.1", "", { "os": "android", "cpu": "arm64" }, "sha512-RurZetXqTu4p+G0ChbnkwBuAtwAbIwJkycw1n6GvlGlBuS4u5qlr5opix8cBAYFJgaY05TWtM+LaoFggUmbZEQ=="],

    "@rollup/rollup-darwin-arm64": ["@rollup/rollup-darwin-arm64@4.44.1", "", { "os": "darwin", "cpu": "arm64" }, "sha512-fM/xPesi7g2M7chk37LOnmnSTHLG/v2ggWqKj3CCA1rMA4mm5KVBT1fNoswbo1JhPuNNZrVwpTvlCVggv8A2zg=="],

    "@rollup/rollup-darwin-x64": ["@rollup/rollup-darwin-x64@4.44.1", "", { "os": "darwin", "cpu": "x64" }, "sha512-gDnWk57urJrkrHQ2WVx9TSVTH7lSlU7E3AFqiko+bgjlh78aJ88/3nycMax52VIVjIm3ObXnDL2H00e/xzoipw=="],

    "@rollup/rollup-freebsd-arm64": ["@rollup/rollup-freebsd-arm64@4.44.1", "", { "os": "freebsd", "cpu": "arm64" }, "sha512-wnFQmJ/zPThM5zEGcnDcCJeYJgtSLjh1d//WuHzhf6zT3Md1BvvhJnWoy+HECKu2bMxaIcfWiu3bJgx6z4g2XA=="],

    "@rollup/rollup-freebsd-x64": ["@rollup/rollup-freebsd-x64@4.44.1", "", { "os": "freebsd", "cpu": "x64" }, "sha512-uBmIxoJ4493YATvU2c0upGz87f99e3wop7TJgOA/bXMFd2SvKCI7xkxY/5k50bv7J6dw1SXT4MQBQSLn8Bb/Uw=="],

    "@rollup/rollup-linux-arm-gnueabihf": ["@rollup/rollup-linux-arm-gnueabihf@4.44.1", "", { "os": "linux", "cpu": "arm" }, "sha512-n0edDmSHlXFhrlmTK7XBuwKlG5MbS7yleS1cQ9nn4kIeW+dJH+ExqNgQ0RrFRew8Y+0V/x6C5IjsHrJmiHtkxQ=="],

    "@rollup/rollup-linux-arm-musleabihf": ["@rollup/rollup-linux-arm-musleabihf@4.44.1", "", { "os": "linux", "cpu": "arm" }, "sha512-8WVUPy3FtAsKSpyk21kV52HCxB+me6YkbkFHATzC2Yd3yuqHwy2lbFL4alJOLXKljoRw08Zk8/xEj89cLQ/4Nw=="],

    "@rollup/rollup-linux-arm64-gnu": ["@rollup/rollup-linux-arm64-gnu@4.44.1", "", { "os": "linux", "cpu": "arm64" }, "sha512-yuktAOaeOgorWDeFJggjuCkMGeITfqvPgkIXhDqsfKX8J3jGyxdDZgBV/2kj/2DyPaLiX6bPdjJDTu9RB8lUPQ=="],

    "@rollup/rollup-linux-arm64-musl": ["@rollup/rollup-linux-arm64-musl@4.44.1", "", { "os": "linux", "cpu": "arm64" }, "sha512-W+GBM4ifET1Plw8pdVaecwUgxmiH23CfAUj32u8knq0JPFyK4weRy6H7ooxYFD19YxBulL0Ktsflg5XS7+7u9g=="],

    "@rollup/rollup-linux-loongarch64-gnu": ["@rollup/rollup-linux-loongarch64-gnu@4.44.1", "", { "os": "linux", "cpu": "none" }, "sha512-1zqnUEMWp9WrGVuVak6jWTl4fEtrVKfZY7CvcBmUUpxAJ7WcSowPSAWIKa/0o5mBL/Ij50SIf9tuirGx63Ovew=="],

    "@rollup/rollup-linux-powerpc64le-gnu": ["@rollup/rollup-linux-powerpc64le-gnu@4.44.1", "", { "os": "linux", "cpu": "ppc64" }, "sha512-Rl3JKaRu0LHIx7ExBAAnf0JcOQetQffaw34T8vLlg9b1IhzcBgaIdnvEbbsZq9uZp3uAH+JkHd20Nwn0h9zPjA=="],

    "@rollup/rollup-linux-riscv64-gnu": ["@rollup/rollup-linux-riscv64-gnu@4.44.1", "", { "os": "linux", "cpu": "none" }, "sha512-j5akelU3snyL6K3N/iX7otLBIl347fGwmd95U5gS/7z6T4ftK288jKq3A5lcFKcx7wwzb5rgNvAg3ZbV4BqUSw=="],

    "@rollup/rollup-linux-riscv64-musl": ["@rollup/rollup-linux-riscv64-musl@4.44.1", "", { "os": "linux", "cpu": "none" }, "sha512-ppn5llVGgrZw7yxbIm8TTvtj1EoPgYUAbfw0uDjIOzzoqlZlZrLJ/KuiE7uf5EpTpCTrNt1EdtzF0naMm0wGYg=="],

    "@rollup/rollup-linux-s390x-gnu": ["@rollup/rollup-linux-s390x-gnu@4.44.1", "", { "os": "linux", "cpu": "s390x" }, "sha512-Hu6hEdix0oxtUma99jSP7xbvjkUM/ycke/AQQ4EC5g7jNRLLIwjcNwaUy95ZKBJJwg1ZowsclNnjYqzN4zwkAw=="],

    "@rollup/rollup-linux-x64-gnu": ["@rollup/rollup-linux-x64-gnu@4.44.1", "", { "os": "linux", "cpu": "x64" }, "sha512-EtnsrmZGomz9WxK1bR5079zee3+7a+AdFlghyd6VbAjgRJDbTANJ9dcPIPAi76uG05micpEL+gPGmAKYTschQw=="],

    "@rollup/rollup-linux-x64-musl": ["@rollup/rollup-linux-x64-musl@4.44.1", "", { "os": "linux", "cpu": "x64" }, "sha512-iAS4p+J1az6Usn0f8xhgL4PaU878KEtutP4hqw52I4IO6AGoyOkHCxcc4bqufv1tQLdDWFx8lR9YlwxKuv3/3g=="],

    "@rollup/rollup-win32-arm64-msvc": ["@rollup/rollup-win32-arm64-msvc@4.44.1", "", { "os": "win32", "cpu": "arm64" }, "sha512-NtSJVKcXwcqozOl+FwI41OH3OApDyLk3kqTJgx8+gp6On9ZEt5mYhIsKNPGuaZr3p9T6NWPKGU/03Vw4CNU9qg=="],

    "@rollup/rollup-win32-ia32-msvc": ["@rollup/rollup-win32-ia32-msvc@4.44.1", "", { "os": "win32", "cpu": "ia32" }, "sha512-JYA3qvCOLXSsnTR3oiyGws1Dm0YTuxAAeaYGVlGpUsHqloPcFjPg+X0Fj2qODGLNwQOAcCiQmHub/V007kiH5A=="],

    "@rollup/rollup-win32-x64-msvc": ["@rollup/rollup-win32-x64-msvc@4.44.1", "", { "os": "win32", "cpu": "x64" }, "sha512-J8o22LuF0kTe7m+8PvW9wk3/bRq5+mRo5Dqo6+vXb7otCm3TPhYOJqOaQtGU9YMWQSL3krMnoOxMr0+9E6F3Ug=="],

    "@scure/base": ["@scure/base@1.2.6", "", {}, "sha512-g/nm5FgUa//MCj1gV09zTJTaM6KBAHqLN907YVQqf7zC49+DcO4B1so4ZX07Ef10Twr6nuqYEH9GEggFXA4Fmg=="],

    "@scure/bip32": ["@scure/bip32@1.7.0", "", { "dependencies": { "@noble/curves": "~1.9.0", "@noble/hashes": "~1.8.0", "@scure/base": "~1.2.5" } }, "sha512-E4FFX/N3f4B80AKWp5dP6ow+flD1LQZo/w8UnLGYZO674jS6YnYeepycOOksv+vLPSpgN35wgKgy+ybfTb2SMw=="],

    "@scure/bip39": ["@scure/bip39@1.6.0", "", { "dependencies": { "@noble/hashes": "~1.8.0", "@scure/base": "~1.2.5" } }, "sha512-+lF0BbLiJNwVlev4eKelw1WWLaiKXw7sSl8T6FvBlWkdX+94aGJ4o8XjUdlyhTCjd8c+B3KT3JfS8P0bLRNU6A=="],

    "@sindresorhus/is": ["@sindresorhus/is@4.6.0", "", {}, "sha512-t09vSN3MdfsyCHoFcTRCH/iUtG7OJ0CsjzB8cjAmKc/va/kIgeDI/TxsigdncE/4be734m0cvIYwNaV4i2XqAw=="],

    "@szmarczak/http-timer": ["@szmarczak/http-timer@4.0.6", "", { "dependencies": { "defer-to-connect": "^2.0.0" } }, "sha512-4BAffykYOgO+5nzBWYwE3W90sBgLJoUPRWWcL8wlyiM8IB8ipJz3UMJ9KXQd1RKQXpKp8Tutn80HZtWsu2u76w=="],

    "@types/cacheable-request": ["@types/cacheable-request@6.0.3", "", { "dependencies": { "@types/http-cache-semantics": "*", "@types/keyv": "^3.1.4", "@types/node": "*", "@types/responselike": "^1.0.0" } }, "sha512-IQ3EbTzGxIigb1I3qPZc1rWJnH0BmSKv5QYTalEwweFvyBDLSAe24zP0le/hyi7ecGfZVlIVAg4BZqb8WBwKqw=="],

    "@types/css-font-loading-module": ["@types/css-font-loading-module@0.0.12", "", {}, "sha512-x2tZZYkSxXqWvTDgveSynfjq/T2HyiZHXb00j/+gy19yp70PHCizM48XFdjBCWH7eHBD0R5i/pw9yMBP/BH5uA=="],

    "@types/earcut": ["@types/earcut@3.0.0", "", {}, "sha512-k/9fOUGO39yd2sCjrbAJvGDEQvRwRnQIZlBz43roGwUZo5SHAmyVvSFyaVVZkicRVCaDXPKlbxrUcBuJoSWunQ=="],

    "@types/estree": ["@types/estree@1.0.8", "", {}, "sha512-dWHzHa2WqEXI/O1E9OjrocMTKJl2mSrEolh1Iomrv6U+JuNwaHXsXx9bLu5gG7BUWFIN0skIQJQ/L1rIex4X6w=="],

    "@types/http-cache-semantics": ["@types/http-cache-semantics@4.0.4", "", {}, "sha512-1m0bIFVc7eJWyve9S0RnuRgcQqF/Xd5QsUZAZeQFr1Q3/p9JWoQQEqmVy+DPTNpGXwhgIetAoYF8JSc33q29QA=="],

    "@types/keyv": ["@types/keyv@3.1.4", "", { "dependencies": { "@types/node": "*" } }, "sha512-BQ5aZNSCpj7D6K2ksrRCTmKRLEpnPvWDiLPfoGyhZ++8YtiK9d/3DBKPJgry359X/P1PfruyYwvnvwFjuEiEIg=="],

    "@types/node": ["@types/node@24.0.7", "", { "dependencies": { "undici-types": "~7.8.0" } }, "sha512-YIEUUr4yf8q8oQoXPpSlnvKNVKDQlPMWrmOcgzoduo7kvA2UF0/BwJ/eMKFTiTtkNL17I0M6Xe2tvwFU7be6iw=="],

    "@types/responselike": ["@types/responselike@1.0.3", "", { "dependencies": { "@types/node": "*" } }, "sha512-H/+L+UkTV33uf49PH5pCAUBVPNj2nDBXTN+qS1dOwyyg24l3CcicicCA7ca+HMvJBZcFgl5r8e+RR6elsb4Lyw=="],

    "@types/trusted-types": ["@types/trusted-types@2.0.7", "", {}, "sha512-ScaPdn1dQczgbl0QFTeTOmVHFULt394XJgOQNoyVhZ6r2vLnMLJfBPd53SB52T/3G36VI1/g2MZaX0cwDuXsfw=="],

    "@wallet-standard/app": ["@wallet-standard/app@1.1.0", "", { "dependencies": { "@wallet-standard/base": "^1.1.0" } }, "sha512-3CijvrO9utx598kjr45hTbbeeykQrQfKmSnxeWOgU25TOEpvcipD/bYDQWIqUv1Oc6KK4YStokSMu/FBNecGUQ=="],

    "@wallet-standard/base": ["@wallet-standard/base@1.1.0", "", {}, "sha512-DJDQhjKmSNVLKWItoKThJS+CsJQjR9AOBOirBVT1F9YpRyC9oYHE+ZnSf8y8bxUphtKqdQMPVQ2mHohYdRvDVQ=="],

    "@wallet-standard/core": ["@wallet-standard/core@1.1.1", "", { "dependencies": { "@wallet-standard/app": "^1.1.0", "@wallet-standard/base": "^1.1.0", "@wallet-standard/errors": "^0.1.1", "@wallet-standard/features": "^1.1.0", "@wallet-standard/wallet": "^1.1.0" } }, "sha512-5Xmjc6+Oe0hcPfVc5n8F77NVLwx1JVAoCVgQpLyv/43/bhtIif+Gx3WUrDlaSDoM8i2kA2xd6YoFbHCxs+e0zA=="],

    "@wallet-standard/errors": ["@wallet-standard/errors@0.1.1", "", { "dependencies": { "chalk": "^5.4.1", "commander": "^13.1.0" }, "bin": { "errors": "bin/cli.mjs" } }, "sha512-V8Ju1Wvol8i/VDyQOHhjhxmMVwmKiwyxUZBnHhtiPZJTWY0U/Shb2iEWyGngYEbAkp2sGTmEeNX1tVyGR7PqNw=="],

    "@wallet-standard/features": ["@wallet-standard/features@1.1.0", "", { "dependencies": { "@wallet-standard/base": "^1.1.0" } }, "sha512-hiEivWNztx73s+7iLxsuD1sOJ28xtRix58W7Xnz4XzzA/pF0+aicnWgjOdA10doVDEDZdUuZCIIqG96SFNlDUg=="],

    "@wallet-standard/wallet": ["@wallet-standard/wallet@1.1.0", "", { "dependencies": { "@wallet-standard/base": "^1.1.0" } }, "sha512-Gt8TnSlDZpAl+RWOOAB/kuvC7RpcdWAlFbHNoi4gsXsfaWa1QCT6LBcfIYTPdOZC9OVZUDwqGuGAcqZejDmHjg=="],

    "@webgpu/types": ["@webgpu/types@0.1.63", "", {}, "sha512-s9Kuh0nE/2+nKrvmKNMB2fE5Zlr3DL2t3OFKM55v5jRcfCOxbkOHhQoshoFum5mmXIfEtRXtLCWmkeTJsVjE9w=="],

    "@wgb5445/aptos-client": ["@wgb5445/aptos-client@2.0.3", "", { "peerDependencies": { "@aptos-labs/ts-sdk": "^3.0.0" } }, "sha512-457rNCv+PspsxSzabd4XdvtchlfSS4KsdJNYC5X+NIYX7xRMnjPxyXHGjRpKfdAfMCCBrMZNbeXnodGHKL+Cfg=="],

    "@wgb5445/aptos-wallet-connect-kit": ["@wgb5445/aptos-wallet-connect-kit@0.1.2", "", { "dependencies": { "@aptos-labs/ts-sdk": "^2.0.1", "@aptos-labs/wallet-standard": "^0.5.0", "lit": "^3.3.0", "react": "^19.1.0", "zustand": "^5.0.5" } }, "sha512-mgX9zS0tsNeLXq4MmggHJ5d2UOGwCCDiQaerys2UZuv5XITz3S/DavqRphXENq7f4mAcbhtgETVbbaCCCNOT0A=="],

    "@xmldom/xmldom": ["@xmldom/xmldom@0.8.10", "", {}, "sha512-2WALfTl4xo2SkGCYRt6rDTFfk9R1czmBvUQy12gK2KuRKIpWEhcbbzy8EZXtz/jkRqHX8bFEc6FC1HjX4TUWYw=="],

    "asynckit": ["asynckit@0.4.0", "", {}, "sha512-Oei9OH4tRh0YqU3GxhX79dM/mwVgvbZJaSNaRk+bshkj0S5cfHcgYakreBjrHwatXKbz+IoIdYLxrKim2MjW0Q=="],

    "cacheable-lookup": ["cacheable-lookup@5.0.4", "", {}, "sha512-2/kNscPhpcxrOigMZzbiWF7dz8ilhb/nIHU3EyZiXWXpeq/au8qJ8VhdftMkty3n7Gj6HIGalQG8oiBNB3AJgA=="],

    "cacheable-request": ["cacheable-request@7.0.4", "", { "dependencies": { "clone-response": "^1.0.2", "get-stream": "^5.1.0", "http-cache-semantics": "^4.0.0", "keyv": "^4.0.0", "lowercase-keys": "^2.0.0", "normalize-url": "^6.0.1", "responselike": "^2.0.0" } }, "sha512-v+p6ongsrp0yTGbJXjgxPow2+DL93DASP4kXCDKb8/bwRtt9OEF3whggkkDkGNzgcWy2XaF4a8nZglC7uElscg=="],

    "call-bind-apply-helpers": ["call-bind-apply-helpers@1.0.2", "", { "dependencies": { "es-errors": "^1.3.0", "function-bind": "^1.1.2" } }, "sha512-Sp1ablJ0ivDkSzjcaJdxEunN5/XvksFJ2sMBFfq6x0ryhQV/2b/KwFe21cMpmHtPOSij8K99/wSfoEuTObmuMQ=="],

    "chalk": ["chalk@5.4.1", "", {}, "sha512-zgVZuo2WcZgfUEmsn6eO3kINexW8RAE4maiQ8QNs8CtpPCSyMiYsULR3HQYkm3w8FIA3SberyMJMSldGsW+U3w=="],

    "clone-response": ["clone-response@1.0.3", "", { "dependencies": { "mimic-response": "^1.0.0" } }, "sha512-ROoL94jJH2dUVML2Y/5PEDNaSHgeOdSDicUyS7izcF63G6sTc/FTjLub4b8Il9S8S0beOfYt0TaA5qvFK+w0wA=="],

    "combined-stream": ["combined-stream@1.0.8", "", { "dependencies": { "delayed-stream": "~1.0.0" } }, "sha512-FQN4MRfuJeHf7cBbBMJFXhKSDq+2kAArBlmRBvcvFE5BB1HZKXtSFASDhdlz9zOYwxh8lDdnvmMOe/+5cdoEdg=="],

    "commander": ["commander@12.1.0", "", {}, "sha512-Vw8qHK3bZM9y/P10u3Vib8o/DdkvA2OtPtZvD871QKjy74Wj1WSKFILMPRPSdUSx5RFK1arlJzEtA4PkFgnbuA=="],

    "decompress-response": ["decompress-response@6.0.0", "", { "dependencies": { "mimic-response": "^3.1.0" } }, "sha512-aW35yZM6Bb/4oJlZncMH2LCoZtJXTRxES17vE3hoRiowU2kWHaJKFkSBDnDR+cm9J+9QhXmREyIfv0pji9ejCQ=="],

    "defer-to-connect": ["defer-to-connect@2.0.1", "", {}, "sha512-4tvttepXG1VaYGrRibk5EwJd1t4udunSOVMdLSAL6mId1ix438oPwPZMALY41FCijukO1L0twNcGsdzS7dHgDg=="],

    "delayed-stream": ["delayed-stream@1.0.0", "", {}, "sha512-ZySD7Nf91aLB0RxL4KGrKHBXl7Eds1DAmEdcoVawXnLD7SDhpNgtuII2aAkg7a7QS41jxPSZ17p4VdGnMHk3MQ=="],

    "dunder-proto": ["dunder-proto@1.0.1", "", { "dependencies": { "call-bind-apply-helpers": "^1.0.1", "es-errors": "^1.3.0", "gopd": "^1.2.0" } }, "sha512-KIN/nDJBQRcXw0MLVhZE9iQHmG68qAVIBg9CqmUYjmQIhgij9U5MFvrqkUL5FbtyyzZuOeOt0zdeRe4UY7ct+A=="],

    "earcut": ["earcut@3.0.1", "", {}, "sha512-0l1/0gOjESMeQyYaK5IDiPNvFeu93Z/cO0TjZh9eZ1vyCtZnA7KMZ8rQggpsJHIbGSdrqYq9OhuveadOVHCshw=="],

    "end-of-stream": ["end-of-stream@1.4.5", "", { "dependencies": { "once": "^1.4.0" } }, "sha512-ooEGc6HP26xXq/N+GCGOT0JKCLDGrq2bQUZrQ7gyrJiZANJ/8YDTxTpQBXGMn+WbIQXNVpyWymm7KYVICQnyOg=="],

    "es-define-property": ["es-define-property@1.0.1", "", {}, "sha512-e3nRfgfUZ4rNGL232gUgX06QNyyez04KdjFrF+LTRoOXmrOgFKDg4BCdsjW8EnT69eqdYGmRpJwiPVYNrCaW3g=="],

    "es-errors": ["es-errors@1.3.0", "", {}, "sha512-Zf5H2Kxt2xjTvbJvP2ZWLEICxA6j+hAmMzIlypy4xcBg1vKVnx89Wy0GbS+kf5cwCVFFzdCFh2XSCFNULS6csw=="],

    "es-object-atoms": ["es-object-atoms@1.1.1", "", { "dependencies": { "es-errors": "^1.3.0" } }, "sha512-FGgH2h8zKNim9ljj7dankFPcICIK9Cp5bm+c2gQSYePhpaG5+esrLODihIorn+Pe6FGJzWhXQotPv73jTaldXA=="],

    "es-set-tostringtag": ["es-set-tostringtag@2.1.0", "", { "dependencies": { "es-errors": "^1.3.0", "get-intrinsic": "^1.2.6", "has-tostringtag": "^1.0.2", "hasown": "^2.0.2" } }, "sha512-j6vWzfrGVfyXxge+O0x5sh6cvxAog0a/4Rdd2K36zCMV5eJ+/+tOAngRO8cODMNWbVRdVlmGZQL2YS3yR8bIUA=="],

    "esbuild": ["esbuild@0.25.5", "", { "optionalDependencies": { "@esbuild/aix-ppc64": "0.25.5", "@esbuild/android-arm": "0.25.5", "@esbuild/android-arm64": "0.25.5", "@esbuild/android-x64": "0.25.5", "@esbuild/darwin-arm64": "0.25.5", "@esbuild/darwin-x64": "0.25.5", "@esbuild/freebsd-arm64": "0.25.5", "@esbuild/freebsd-x64": "0.25.5", "@esbuild/linux-arm": "0.25.5", "@esbuild/linux-arm64": "0.25.5", "@esbuild/linux-ia32": "0.25.5", "@esbuild/linux-loong64": "0.25.5", "@esbuild/linux-mips64el": "0.25.5", "@esbuild/linux-ppc64": "0.25.5", "@esbuild/linux-riscv64": "0.25.5", "@esbuild/linux-s390x": "0.25.5", "@esbuild/linux-x64": "0.25.5", "@esbuild/netbsd-arm64": "0.25.5", "@esbuild/netbsd-x64": "0.25.5", "@esbuild/openbsd-arm64": "0.25.5", "@esbuild/openbsd-x64": "0.25.5", "@esbuild/sunos-x64": "0.25.5", "@esbuild/win32-arm64": "0.25.5", "@esbuild/win32-ia32": "0.25.5", "@esbuild/win32-x64": "0.25.5" }, "bin": { "esbuild": "bin/esbuild" } }, "sha512-P8OtKZRv/5J5hhz0cUAdu/cLuPIKXpQl1R9pZtvmHWQvrAUVd0UNIPT4IB4W3rNOqVO0rlqHmCIbSwxh/c9yUQ=="],

    "eventemitter3": ["eventemitter3@5.0.1", "", {}, "sha512-GWkBvjiSZK87ELrYOSESUYeVIc9mvLLf/nXalMOS5dYrgZq9o5OVkbZAVM06CVxYsCwH9BDZFPlQTlPA1j4ahA=="],

    "fdir": ["fdir@6.4.6", "", { "peerDependencies": { "picomatch": "^3 || ^4" }, "optionalPeers": ["picomatch"] }, "sha512-hiFoqpyZcfNm1yc4u8oWCf9A2c4D3QjCrks3zmoVKVxpQRzmPNar1hUJcBG2RQHvEVGDN+Jm81ZheVLAQMK6+w=="],

    "form-data": ["form-data@4.0.3", "", { "dependencies": { "asynckit": "^0.4.0", "combined-stream": "^1.0.8", "es-set-tostringtag": "^2.1.0", "hasown": "^2.0.2", "mime-types": "^2.1.12" } }, "sha512-qsITQPfmvMOSAdeyZ+12I1c+CKSstAFAwu+97zrnWAbIr5u8wfsExUzCesVLC8NgHuRUqNN4Zy6UPWUTRGslcA=="],

    "fsevents": ["fsevents@2.3.3", "", { "os": "darwin" }, "sha512-5xoDfX+fL7faATnagmWPpbFtwh/R77WmMMqqHGS65C3vvB0YHrgF+B1YmZ3441tMj5n63k0212XNoJwzlhffQw=="],

    "function-bind": ["function-bind@1.1.2", "", {}, "sha512-7XHNxH7qX9xG5mIwxkhumTox/MIRNcOgDrxWsMt2pAr23WHp6MrRlN7FBSFpCpr+oVO0F744iUgR82nJMfG2SA=="],

    "get-intrinsic": ["get-intrinsic@1.3.0", "", { "dependencies": { "call-bind-apply-helpers": "^1.0.2", "es-define-property": "^1.0.1", "es-errors": "^1.3.0", "es-object-atoms": "^1.1.1", "function-bind": "^1.1.2", "get-proto": "^1.0.1", "gopd": "^1.2.0", "has-symbols": "^1.1.0", "hasown": "^2.0.2", "math-intrinsics": "^1.1.0" } }, "sha512-9fSjSaos/fRIVIp+xSJlE6lfwhES7LNtKaCBIamHsjr2na1BiABJPo0mOjjz8GJDURarmCPGqaiVg5mfjb98CQ=="],

    "get-proto": ["get-proto@1.0.1", "", { "dependencies": { "dunder-proto": "^1.0.1", "es-object-atoms": "^1.0.0" } }, "sha512-sTSfBjoXBp89JvIKIefqw7U2CCebsc74kiY6awiGogKtoSGbgjYE/G/+l9sF3MWFPNc9IcoOC4ODfKHfxFmp0g=="],

    "get-stream": ["get-stream@5.2.0", "", { "dependencies": { "pump": "^3.0.0" } }, "sha512-nBF+F1rAZVCu/p7rjzgA+Yb4lfYXrpl7a6VmJrU8wF9I1CKvP/QwPNZHnOlwbTkY6dvtFIzFMSyQXbLoTQPRpA=="],

    "gifuct-js": ["gifuct-js@2.1.2", "", { "dependencies": { "js-binary-schema-parser": "^2.0.3" } }, "sha512-rI2asw77u0mGgwhV3qA+OEgYqaDn5UNqgs+Bx0FGwSpuqfYn+Ir6RQY5ENNQ8SbIiG/m5gVa7CD5RriO4f4Lsg=="],

    "gopd": ["gopd@1.2.0", "", {}, "sha512-ZUKRh6/kUFoAiTAtTYPZJ3hw9wNxx+BIBOijnlG9PnrJsCcSjs1wyyD6vJpaYtgnzDrKYRSqf3OO6Rfa93xsRg=="],

    "got": ["got@11.8.6", "", { "dependencies": { "@sindresorhus/is": "^4.0.0", "@szmarczak/http-timer": "^4.0.5", "@types/cacheable-request": "^6.0.1", "@types/responselike": "^1.0.0", "cacheable-lookup": "^5.0.3", "cacheable-request": "^7.0.2", "decompress-response": "^6.0.0", "http2-wrapper": "^1.0.0-beta.5.2", "lowercase-keys": "^2.0.0", "p-cancelable": "^2.0.0", "responselike": "^2.0.0" } }, "sha512-6tfZ91bOr7bOXnK7PRDCGBLa1H4U080YHNaAQ2KsMGlLEzRbk44nsZF2E1IeRc3vtJHPVbKCYgdFbaGO2ljd8g=="],

    "has-symbols": ["has-symbols@1.1.0", "", {}, "sha512-1cDNdwJ2Jaohmb3sg4OmKaMBwuC48sYni5HUw2DvsC8LjGTLK9h+eb1X6RyuOHe4hT0ULCW68iomhjUoKUqlPQ=="],

    "has-tostringtag": ["has-tostringtag@1.0.2", "", { "dependencies": { "has-symbols": "^1.0.3" } }, "sha512-NqADB8VjPFLM2V0VvHUewwwsw0ZWBaIdgo+ieHtK3hasLz4qeCRjYcqfB6AQrBggRKppKF8L52/VqdVsO47Dlw=="],

    "hasown": ["hasown@2.0.2", "", { "dependencies": { "function-bind": "^1.1.2" } }, "sha512-0hJU9SCPvmMzIBdZFqNPXWa6dqh7WdH0cII9y+CyS8rG3nL48Bclra9HmKhVVUHyPWNH5Y7xDwAB7bfgSjkUMQ=="],

    "http-cache-semantics": ["http-cache-semantics@4.2.0", "", {}, "sha512-dTxcvPXqPvXBQpq5dUr6mEMJX4oIEFv6bwom3FDwKRDsuIjjJGANqhBuoAn9c1RQJIdAKav33ED65E2ys+87QQ=="],

    "http2-wrapper": ["http2-wrapper@1.0.3", "", { "dependencies": { "quick-lru": "^5.1.1", "resolve-alpn": "^1.0.0" } }, "sha512-V+23sDMr12Wnz7iTcDeJr3O6AIxlnvT/bmaAAAP/Xda35C90p9599p0F1eHR/N1KILWSoWVAiOMFjBBXaXSMxg=="],

    "ismobilejs": ["ismobilejs@1.1.1", "", {}, "sha512-VaFW53yt8QO61k2WJui0dHf4SlL8lxBofUuUmwBo0ljPk0Drz2TiuDW4jo3wDcv41qy/SxrJ+VAzJ/qYqsmzRw=="],

    "js-base64": ["js-base64@3.7.7", "", {}, "sha512-7rCnleh0z2CkXhH67J8K1Ytz0b2Y+yxTPL+/KOJoa20hfnVQ/3/T6W/KflYI4bRHRagNeXeU2bkNGI3v1oS/lw=="],

    "js-binary-schema-parser": ["js-binary-schema-parser@2.0.3", "", {}, "sha512-xezGJmOb4lk/M1ZZLTR/jaBHQ4gG/lqQnJqdIv4721DMggsa1bDVlHXNeHYogaIEHD9vCRv0fcL4hMA+Coarkg=="],

    "json-buffer": ["json-buffer@3.0.1", "", {}, "sha512-4bV5BfR2mqfQTJm+V5tPPdf+ZpuhiIvTuAB5g8kcrXOZpTT/QwwVRWBywX1ozr6lEuPdbHxwaJlm9G6mI2sfSQ=="],

    "jwt-decode": ["jwt-decode@4.0.0", "", {}, "sha512-+KJGIyHgkGuIq3IEBNftfhW/LfWhXUIY6OmyVWjliu5KH1y0fw7VQ8YndE2O4qZdMSd9SqbnC8GOcZEy0Om7sA=="],

    "keyv": ["keyv@4.5.4", "", { "dependencies": { "json-buffer": "3.0.1" } }, "sha512-oxVHkHR/EJf2CNXnWxRLW6mg7JyCCUcG0DtEGmL2ctUo1PNTin1PUil+r/+4r5MpVgC/fn1kjsx7mjSujKqIpw=="],

    "lit": ["lit@3.3.0", "", { "dependencies": { "@lit/reactive-element": "^2.1.0", "lit-element": "^4.2.0", "lit-html": "^3.3.0" } }, "sha512-DGVsqsOIHBww2DqnuZzW7QsuCdahp50ojuDaBPC7jUDRpYoH0z7kHBBYZewRzer75FwtrkmkKk7iOAwSaWdBmw=="],

    "lit-element": ["lit-element@4.2.0", "", { "dependencies": { "@lit-labs/ssr-dom-shim": "^1.2.0", "@lit/reactive-element": "^2.1.0", "lit-html": "^3.3.0" } }, "sha512-MGrXJVAI5x+Bfth/pU9Kst1iWID6GHDLEzFEnyULB/sFiRLgkd8NPK/PeeXxktA3T6EIIaq8U3KcbTU5XFcP2Q=="],

    "lit-html": ["lit-html@3.3.0", "", { "dependencies": { "@types/trusted-types": "^2.0.2" } }, "sha512-RHoswrFAxY2d8Cf2mm4OZ1DgzCoBKUKSPvA1fhtSELxUERq2aQQ2h05pO9j81gS1o7RIRJ+CePLogfyahwmynw=="],

    "lowercase-keys": ["lowercase-keys@2.0.0", "", {}, "sha512-tqNXrS78oMOE73NMxK4EMLQsQowWf8jKooH9g7xPavRT706R6bkQJ6DY2Te7QukaZsulxa30wQ7bk0pm4XiHmA=="],

    "math-intrinsics": ["math-intrinsics@1.1.0", "", {}, "sha512-/IXtbwEk5HTPyEwyKX6hGkYXxM9nbj64B+ilVJnC/R6B0pH5G4V3b0pVbL7DBj4tkhBAppbQUlf6F6Xl9LHu1g=="],

    "mime-db": ["mime-db@1.52.0", "", {}, "sha512-sPU4uV7dYlvtWJxwwxHD0PuihVNiE7TyAbQ5SWxDCB9mUYvOgroQOwYQQOKPJ8CIbE+1ETVlOoK1UC2nU3gYvg=="],

    "mime-types": ["mime-types@2.1.35", "", { "dependencies": { "mime-db": "1.52.0" } }, "sha512-ZDY+bPm5zTTF+YpCrAU9nK0UgICYPT0QtT1NZWFv4s++TNkcgVaT0g6+4R2uI4MjQjzysHB1zxuWL50hzaeXiw=="],

    "mimic-response": ["mimic-response@3.1.0", "", {}, "sha512-z0yWI+4FDrrweS8Zmt4Ej5HdJmky15+L2e6Wgn3+iK5fWzb6T3fhNFq2+MeTRb064c6Wr4N/wv0DzQTjNzHNGQ=="],

    "nanoid": ["nanoid@3.3.11", "", { "bin": { "nanoid": "bin/nanoid.cjs" } }, "sha512-N8SpfPUnUp1bK+PMYW8qSWdl9U+wwNWI4QKxOYDy9JAro3WMX7p2OeVRF9v+347pnakNevPmiHhNmZ2HbFA76w=="],

    "normalize-url": ["normalize-url@6.1.0", "", {}, "sha512-DlL+XwOy3NxAQ8xuC0okPgK46iuVNAK01YN7RueYBqqFeGsBjV9XmCAzAdgt+667bCl5kPh9EqKKDwnaPG1I7A=="],

    "once": ["once@1.4.0", "", { "dependencies": { "wrappy": "1" } }, "sha512-lNaJgI+2Q5URQBkccEKHTQOPaXdUxnZZElQTZY0MFUAuaEqe1E+Nyvgdz/aIyNi6Z9MzO5dv1H8n58/GELp3+w=="],

    "p-cancelable": ["p-cancelable@2.1.1", "", {}, "sha512-BZOr3nRQHOntUjTrH8+Lh54smKHoHyur8We1V8DSMVrl5A2malOOwuJRnKRDjSnkoeBh4at6BwEnb5I7Jl31wg=="],

    "parse-svg-path": ["parse-svg-path@0.1.2", "", {}, "sha512-JyPSBnkTJ0AI8GGJLfMXvKq42cj5c006fnLz6fXy6zfoVjJizi8BNTpu8on8ziI1cKy9d9DGNuY17Ce7wuejpQ=="],

    "picocolors": ["picocolors@1.1.1", "", {}, "sha512-xceH2snhtb5M9liqDsmEw56le376mTZkEX/jEb/RxNFyegNul7eNslCXP9FDj/Lcu0X8KEyMceP2ntpaHrDEVA=="],

    "picomatch": ["picomatch@4.0.2", "", {}, "sha512-M7BAV6Rlcy5u+m6oPhAPFgJTzAioX/6B0DxyvDlo9l8+T3nLKbrczg2WLUyzd45L8RqfUMyGPzekbMvX2Ldkwg=="],

    "pixi.js": ["pixi.js@8.10.2", "", { "dependencies": { "@pixi/colord": "^2.9.6", "@types/css-font-loading-module": "^0.0.12", "@types/earcut": "^3.0.0", "@webgpu/types": "^0.1.40", "@xmldom/xmldom": "^0.8.10", "earcut": "^3.0.1", "eventemitter3": "^5.0.1", "gifuct-js": "^2.1.2", "ismobilejs": "^1.1.1", "parse-svg-path": "^0.1.2" } }, "sha512-utRKxzTwNsIhaxOikxIBxKPfxuOyVkPvdYipY23ZEyWSYhONosrQlcB9nymeIcbsrsuSdwExX0eTnHTDjTN3UQ=="],

    "poseidon-lite": ["poseidon-lite@0.2.1", "", {}, "sha512-xIr+G6HeYfOhCuswdqcFpSX47SPhm0EpisWJ6h7fHlWwaVIvH3dLnejpatrtw6Xc6HaLrpq05y7VRfvDmDGIog=="],

    "postcss": ["postcss@8.5.6", "", { "dependencies": { "nanoid": "^3.3.11", "picocolors": "^1.1.1", "source-map-js": "^1.2.1" } }, "sha512-3Ybi1tAuwAP9s0r1UQ2J4n5Y0G05bJkpUIO0/bI9MhwmD70S5aTWbXGBwxHrelT+XM1k6dM0pk+SwNkpTRN7Pg=="],

    "pump": ["pump@3.0.3", "", { "dependencies": { "end-of-stream": "^1.1.0", "once": "^1.3.1" } }, "sha512-todwxLMY7/heScKmntwQG8CXVkWUOdYxIvY2s0VWAAMh/nd8SoYiRaKjlr7+iCs984f2P8zvrfWcDDYVb73NfA=="],

    "quick-lru": ["quick-lru@5.1.1", "", {}, "sha512-WuyALRjWPDGtt/wzJiadO5AXY+8hZ80hVpe6MyivgraREW751X3SbhRvG3eLKOYN+8VEvqLcf3wdnt44Z4S4SA=="],

    "react": ["react@19.1.0", "", {}, "sha512-FS+XFBNvn3GTAWq26joslQgWNoFu08F4kl0J4CgdNKADkdSGXQyTCnKteIAJy96Br6YbpEU1LSzV5dYtjMkMDg=="],

    "resolve-alpn": ["resolve-alpn@1.2.1", "", {}, "sha512-0a1F4l73/ZFZOakJnQ3FvkJ2+gSTQWz/r2KE5OdDY0TxPm5h4GkqkWWfM47T7HsbnOtcJVEF4epCVy6u7Q3K+g=="],

    "responselike": ["responselike@2.0.1", "", { "dependencies": { "lowercase-keys": "^2.0.0" } }, "sha512-4gl03wn3hj1HP3yzgdI7d3lCkF95F21Pz4BPGvKHinyQzALR5CapwC8yIi0Rh58DEMQ/SguC03wFj2k0M/mHhw=="],

    "rollup": ["rollup@4.44.1", "", { "dependencies": { "@types/estree": "1.0.8" }, "optionalDependencies": { "@rollup/rollup-android-arm-eabi": "4.44.1", "@rollup/rollup-android-arm64": "4.44.1", "@rollup/rollup-darwin-arm64": "4.44.1", "@rollup/rollup-darwin-x64": "4.44.1", "@rollup/rollup-freebsd-arm64": "4.44.1", "@rollup/rollup-freebsd-x64": "4.44.1", "@rollup/rollup-linux-arm-gnueabihf": "4.44.1", "@rollup/rollup-linux-arm-musleabihf": "4.44.1", "@rollup/rollup-linux-arm64-gnu": "4.44.1", "@rollup/rollup-linux-arm64-musl": "4.44.1", "@rollup/rollup-linux-loongarch64-gnu": "4.44.1", "@rollup/rollup-linux-powerpc64le-gnu": "4.44.1", "@rollup/rollup-linux-riscv64-gnu": "4.44.1", "@rollup/rollup-linux-riscv64-musl": "4.44.1", "@rollup/rollup-linux-s390x-gnu": "4.44.1", "@rollup/rollup-linux-x64-gnu": "4.44.1", "@rollup/rollup-linux-x64-musl": "4.44.1", "@rollup/rollup-win32-arm64-msvc": "4.44.1", "@rollup/rollup-win32-ia32-msvc": "4.44.1", "@rollup/rollup-win32-x64-msvc": "4.44.1", "fsevents": "~2.3.2" }, "bin": { "rollup": "dist/bin/rollup" } }, "sha512-x8H8aPvD+xbl0Do8oez5f5o8eMS3trfCghc4HhLAnCkj7Vl0d1JWGs0UF/D886zLW2rOj2QymV/JcSSsw+XDNg=="],

    "source-map-js": ["source-map-js@1.2.1", "", {}, "sha512-UXWMKhLOwVKb728IUtQPXxfYU+usdybtUrK/8uGE8CQMvrhOpwvzDBwj0QhSL7MQc7vIsISBG8VQ8+IDQxpfQA=="],

    "tinyglobby": ["tinyglobby@0.2.14", "", { "dependencies": { "fdir": "^6.4.4", "picomatch": "^4.0.2" } }, "sha512-tX5e7OM1HnYr2+a2C/4V0htOcSQcoSTH9KgJnVvNm5zm/cyEWKJ7j7YutsH9CxMdtOkkLFy2AHrMci9IM8IPZQ=="],

    "typescript": ["typescript@5.8.3", "", { "bin": { "tsc": "bin/tsc", "tsserver": "bin/tsserver" } }, "sha512-p1diW6TqL9L07nNxvRMM7hMMw4c5XOo/1ibL4aAIGmSAt9slTE1Xgw5KWuof2uTOvCg9BY7ZRi+GaF+7sfgPeQ=="],

    "undici-types": ["undici-types@7.8.0", "", {}, "sha512-9UJ2xGDvQ43tYyVMpuHlsgApydB8ZKfVYTsLDhXkFL/6gfkp+U8xTGdh8pMJv1SpZna0zxG1DwsKZsreLbXBxw=="],

    "vite": ["vite@7.0.0", "", { "dependencies": { "esbuild": "^0.25.0", "fdir": "^6.4.6", "picomatch": "^4.0.2", "postcss": "^8.5.6", "rollup": "^4.40.0", "tinyglobby": "^0.2.14" }, "optionalDependencies": { "fsevents": "~2.3.3" }, "peerDependencies": { "@types/node": "^20.19.0 || >=22.12.0", "jiti": ">=1.21.0", "less": "^4.0.0", "lightningcss": "^1.21.0", "sass": "^1.70.0", "sass-embedded": "^1.70.0", "stylus": ">=0.54.8", "sugarss": "^5.0.0", "terser": "^5.16.0", "tsx": "^4.8.1", "yaml": "^2.4.2" }, "optionalPeers": ["@types/node", "jiti", "less", "lightningcss", "sass", "sass-embedded", "stylus", "sugarss", "terser", "tsx", "yaml"], "bin": { "vite": "bin/vite.js" } }, "sha512-ixXJB1YRgDIw2OszKQS9WxGHKwLdCsbQNkpJN171udl6szi/rIySHL6/Os3s2+oE4P/FLD4dxg4mD7Wust+u5g=="],

    "wrappy": ["wrappy@1.0.2", "", {}, "sha512-l4Sp/DRseor9wL6EvV2+TuQn63dMkPjZ/sp9XkghTEbV9KlPS1xUsZ3u7/IQO4wxtcFB4bgpQPRcR3QCvezPcQ=="],

    "zustand": ["zustand@5.0.6", "", { "peerDependencies": { "@types/react": ">=18.0.0", "immer": ">=9.0.6", "react": ">=18.0.0", "use-sync-external-store": ">=1.2.0" }, "optionalPeers": ["@types/react", "immer", "react", "use-sync-external-store"] }, "sha512-ihAqNeUVhe0MAD+X8M5UzqyZ9k3FFZLBTtqo6JLPwV53cbRB/mJwBI0PxcIgqhBBHlEs8G45OTDTMq3gNcLq3A=="],

    "@wallet-standard/errors/commander": ["commander@13.1.0", "", {}, "sha512-/rFeCpNJQbhSZjGVwO9RFV3xPqbnERS8MmIQzCtD/zl6gpJuV/bMLuN92oG3F7d8oDEHHRrujSXNUr8fpjntKw=="],

    "@wgb5445/aptos-wallet-connect-kit/@aptos-labs/ts-sdk": ["@aptos-labs/ts-sdk@2.0.1", "", { "dependencies": { "@aptos-labs/aptos-cli": "^1.0.2", "@aptos-labs/aptos-client": "^2.0.0", "@noble/curves": "^1.6.0", "@noble/hashes": "^1.5.0", "@scure/bip32": "^1.4.0", "@scure/bip39": "^1.3.0", "eventemitter3": "^5.0.1", "form-data": "^4.0.0", "js-base64": "^3.7.7", "jwt-decode": "^4.0.0", "poseidon-lite": "^0.2.0" } }, "sha512-k39Ks+qNcWxWujQrixMaV3ZIO8G9/qzIpDuV7+Td12GWNxXxKze5BqD6pFI3Q1iwI4mw65v1yxTi/jt5ted39Q=="],

    "clone-response/mimic-response": ["mimic-response@1.0.1", "", {}, "sha512-j5EctnkH7amfV/q5Hgmoal1g2QHFJRraOtmx0JpIqkxhBhI/lJSl1nMpQ45hVarwNETOoWEimndZ4QK0RHxuxQ=="],
  }
}
